
Microsoft Visual Studio Solution File, Format Version 12.00
# Visual Studio Version 17
VisualStudioVersion = 17.9.34728.123
MinimumVisualStudioVersion = 10.0.40219.1
Project("{FAE04EC0-301F-11D3-BF4B-00C04F79EFBC}") = "SyntezaMowy", "SyntezaMowy.csproj", "{C76D6539-161E-49F0-8803-A4592A3F8EF5}"
EndProject
Global
	GlobalSection(SolutionConfigurationPlatforms) = preSolution
		Debug|Any CPU = Debug|Any CPU
		Release|Any CPU = Release|Any CPU
	EndGlobalSection
	GlobalSection(ProjectConfigurationPlatforms) = postSolution
		{C76D6539-161E-49F0-8803-A4592A3F8EF5}.Debug|Any CPU.ActiveCfg = Debug|Any CPU
		{C76D6539-161E-49F0-8803-A4592A3F8EF5}.Debug|Any CPU.Build.0 = Debug|Any CPU
		{C76D6539-161E-49F0-8803-A4592A3F8EF5}.Debug|Any CPU.Deploy.0 = Debug|Any CPU
		{C76D6539-161E-49F0-8803-A4592A3F8EF5}.Release|Any CPU.ActiveCfg = Release|Any CPU
		{C76D6539-161E-49F0-8803-A4592A3F8EF5}.Release|Any CPU.Build.0 = Release|Any CPU
		{C76D6539-161E-49F0-8803-A4592A3F8EF5}.Release|Any CPU.Deploy.0 = Release|Any CPU
	EndGlobalSection
	GlobalSection(SolutionProperties) = preSolution
		HideSolutionNode = FALSE
	EndGlobalSection
	GlobalSection(ExtensibilityGlobals) = postSolution
		SolutionGuid = {DFC6E598-D064-46F6-B8AE-5E7F59E80260}
	EndGlobalSection
EndGlobal
