
Microsoft Visual Studio Solution File, Format Version 12.00
# Visual Studio Version 17
VisualStudioVersion = 17.8.34330.188
MinimumVisualStudioVersion = 10.0.40219.1
Project("{FAE04EC0-301F-11D3-BF4B-00C04F79EFBC}") = "ZastosowanieRoutera", "ZastosowanieRoutera.csproj", "{75C9F3DF-5C57-49DF-9E44-BEF29FFCA202}"
EndProject
Global
	GlobalSection(SolutionConfigurationPlatforms) = preSolution
		Debug|Any CPU = Debug|Any CPU
		Release|Any CPU = Release|Any CPU
	EndGlobalSection
	GlobalSection(ProjectConfigurationPlatforms) = postSolution
		{75C9F3DF-5C57-49DF-9E44-BEF29FFCA202}.Debug|Any CPU.ActiveCfg = Debug|Any CPU
		{75C9F3DF-5C57-49DF-9E44-BEF29FFCA202}.Debug|Any CPU.Build.0 = Debug|Any CPU
		{75C9F3DF-5C57-49DF-9E44-BEF29FFCA202}.Debug|Any CPU.Deploy.0 = Debug|Any CPU
		{75C9F3DF-5C57-49DF-9E44-BEF29FFCA202}.Release|Any CPU.ActiveCfg = Release|Any CPU
		{75C9F3DF-5C57-49DF-9E44-BEF29FFCA202}.Release|Any CPU.Build.0 = Release|Any CPU
		{75C9F3DF-5C57-49DF-9E44-BEF29FFCA202}.Release|Any CPU.Deploy.0 = Release|Any CPU
	EndGlobalSection
	GlobalSection(SolutionProperties) = preSolution
		HideSolutionNode = FALSE
	EndGlobalSection
	GlobalSection(ExtensibilityGlobals) = postSolution
		SolutionGuid = {14E11D1A-A110-4708-B1E9-C429C998EBA4}
	EndGlobalSection
EndGlobal
