
Microsoft Visual Studio Solution File, Format Version 12.00
# Visual Studio Version 17
VisualStudioVersion = 17.11.35219.272
MinimumVisualStudioVersion = 10.0.40219.1
Project("{FAE04EC0-301F-11D3-BF4B-00C04F79EFBC}") = "FormularzPracownika", "FormularzPracownika.csproj", "{EDA47DDB-3B3F-406F-A549-00C6A5EB7629}"
EndProject
Global
	GlobalSection(SolutionConfigurationPlatforms) = preSolution
		Debug|Any CPU = Debug|Any CPU
		Release|Any CPU = Release|Any CPU
	EndGlobalSection
	GlobalSection(ProjectConfigurationPlatforms) = postSolution
		{EDA47DDB-3B3F-406F-A549-00C6A5EB7629}.Debug|Any CPU.ActiveCfg = Debug|Any CPU
		{EDA47DDB-3B3F-406F-A549-00C6A5EB7629}.Debug|Any CPU.Build.0 = Debug|Any CPU
		{EDA47DDB-3B3F-406F-A549-00C6A5EB7629}.Release|Any CPU.ActiveCfg = Release|Any CPU
		{EDA47DDB-3B3F-406F-A549-00C6A5EB7629}.Release|Any CPU.Build.0 = Release|Any CPU
	EndGlobalSection
	GlobalSection(SolutionProperties) = preSolution
		HideSolutionNode = FALSE
	EndGlobalSection
	GlobalSection(ExtensibilityGlobals) = postSolution
		SolutionGuid = {398770C3-DC50-4401-AC31-3241EA8FF6FD}
	EndGlobalSection
EndGlobal
