
Microsoft Visual Studio Solution File, Format Version 12.00
# Visual Studio Version 17
VisualStudioVersion = 17.11.35219.272
MinimumVisualStudioVersion = 10.0.40219.1
Project("{FAE04EC0-301F-11D3-BF4B-00C04F79EFBC}") = "Gra_w_kosci", "Gra_w_kosci.csproj", "{292CEF66-54AE-42C3-8337-2A5EDEE9C2BC}"
EndProject
Global
	GlobalSection(SolutionConfigurationPlatforms) = preSolution
		Debug|Any CPU = Debug|Any CPU
		Release|Any CPU = Release|Any CPU
	EndGlobalSection
	GlobalSection(ProjectConfigurationPlatforms) = postSolution
		{292CEF66-54AE-42C3-8337-2A5EDEE9C2BC}.Debug|Any CPU.ActiveCfg = Debug|Any CPU
		{292CEF66-54AE-42C3-8337-2A5EDEE9C2BC}.Debug|Any CPU.Build.0 = Debug|Any CPU
		{292CEF66-54AE-42C3-8337-2A5EDEE9C2BC}.Release|Any CPU.ActiveCfg = Release|Any CPU
		{292CEF66-54AE-42C3-8337-2A5EDEE9C2BC}.Release|Any CPU.Build.0 = Release|Any CPU
	EndGlobalSection
	GlobalSection(SolutionProperties) = preSolution
		HideSolutionNode = FALSE
	EndGlobalSection
	GlobalSection(ExtensibilityGlobals) = postSolution
		SolutionGuid = {283EE2B7-9C20-4EEA-B6AF-A754EDEAB1C9}
	EndGlobalSection
EndGlobal
