
Microsoft Visual Studio Solution File, Format Version 12.00
# Visual Studio Version 17
VisualStudioVersion = 17.11.35219.272
MinimumVisualStudioVersion = 10.0.40219.1
Project("{FAE04EC0-301F-11D3-BF4B-00C04F79EFBC}") = "Teksty", "Teksty.csproj", "{A2562924-8BFE-43FF-8610-767B61CEE18C}"
EndProject
Global
	GlobalSection(SolutionConfigurationPlatforms) = preSolution
		Debug|Any CPU = Debug|Any CPU
		Release|Any CPU = Release|Any CPU
	EndGlobalSection
	GlobalSection(ProjectConfigurationPlatforms) = postSolution
		{A2562924-8BFE-43FF-8610-767B61CEE18C}.Debug|Any CPU.ActiveCfg = Debug|Any CPU
		{A2562924-8BFE-43FF-8610-767B61CEE18C}.Debug|Any CPU.Build.0 = Debug|Any CPU
		{A2562924-8BFE-43FF-8610-767B61CEE18C}.Release|Any CPU.ActiveCfg = Release|Any CPU
		{A2562924-8BFE-43FF-8610-767B61CEE18C}.Release|Any CPU.Build.0 = Release|Any CPU
	EndGlobalSection
	GlobalSection(SolutionProperties) = preSolution
		HideSolutionNode = FALSE
	EndGlobalSection
	GlobalSection(ExtensibilityGlobals) = postSolution
		SolutionGuid = {0034AF38-02FB-4FF0-9817-26D011B2FF1A}
	EndGlobalSection
EndGlobal
